
Microsoft Visual Studio Solution File, Format Version 12.00
# Visual Studio Version 17
VisualStudioVersion = 17.5.002.0
MinimumVisualStudioVersion = 10.0.40219.1
Project("{9A19103F-16F7-4668-BE54-9A1E7A4F7556}") = "dotnetproject", "dotnetproject.csproj", "{8655B5C4-5DD4-4408-8F80-84903484DC86}"
EndProject
Global
	GlobalSection(SolutionConfigurationPlatforms) = preSolution
		Debug|Any CPU = Debug|Any CPU
		Release|Any CPU = Release|Any CPU
	EndGlobalSection
	GlobalSection(ProjectConfigurationPlatforms) = postSolution
		{8655B5C4-5DD4-4408-8F80-84903484DC86}.Debug|Any CPU.ActiveCfg = Debug|Any CPU
		{8655B5C4-5DD4-4408-8F80-84903484DC86}.Debug|Any CPU.Build.0 = Debug|Any CPU
		{8655B5C4-5DD4-4408-8F80-84903484DC86}.Release|Any CPU.ActiveCfg = Release|Any CPU
		{8655B5C4-5DD4-4408-8F80-84903484DC86}.Release|Any CPU.Build.0 = Release|Any CPU
	EndGlobalSection
	GlobalSection(SolutionProperties) = preSolution
		HideSolutionNode = FALSE
	EndGlobalSection
	GlobalSection(ExtensibilityGlobals) = postSolution
		SolutionGuid = {5AC555D3-9547-4AF8-8F43-017E4B4DC6F7}
	EndGlobalSection
EndGlobal
